
Microsoft Visual Studio Solution File, Format Version 12.00
# Visual Studio 14
VisualStudioVersion = 14.0.25420.1
MinimumVisualStudioVersion = 10.0.40219.1
Project("{FAE04EC0-301F-11D3-BF4B-00C04F79EFBC}") = "EFMSSQL", "EFMSSQL\EFMSSQL.csproj", "{C74EE8FA-399C-450D-B271-DFAB874B56EA}"
EndProject
Project("{FAE04EC0-301F-11D3-BF4B-00C04F79EFBC}") = "EFMSSQL.Tests", "EFMSSQL.Tests\EFMSSQL.Tests.csproj", "{878C46A2-CBE3-476A-A47E-7EB9B3851252}"
EndProject
Project("{2150E333-8FDC-42A3-9474-1A3956D46DE8}") = "Core", "Core", "{3E4D0732-7039-45E1-B8F0-B3843A66F422}"
EndProject
Project("{2150E333-8FDC-42A3-9474-1A3956D46DE8}") = "Library", "Library", "{9BBBF24D-B101-4DA5-B160-6FF9B6C5B15E}"
EndProject
Project("{2150E333-8FDC-42A3-9474-1A3956D46DE8}") = "Repository", "Repository", "{355DAC4E-C549-4E46-B3EC-DA1342A23560}"
EndProject
Project("{FAE04EC0-301F-11D3-BF4B-00C04F79EFBC}") = "ORM", "ORM\ORM.csproj", "{441D3587-C0D9-4EC3-8E7B-D20DFD0CE174}"
EndProject
Project("{FAE04EC0-301F-11D3-BF4B-00C04F79EFBC}") = "Entity", "Entity\Entity.csproj", "{33AC45D0-F53E-44AB-92C4-A5A8E6CE0468}"
EndProject
Project("{FAE04EC0-301F-11D3-BF4B-00C04F79EFBC}") = "ViewModel", "ViewModel\ViewModel.csproj", "{574EA4A0-02FD-42E4-AABB-55E414345E47}"
EndProject
Project("{FAE04EC0-301F-11D3-BF4B-00C04F79EFBC}") = "IRepository", "IRepository\IRepository.csproj", "{01ACE555-5A66-46CD-BD90-8398EE7DB355}"
EndProject
Project("{FAE04EC0-301F-11D3-BF4B-00C04F79EFBC}") = "Repository", "Repository\Repository.csproj", "{07F7BAF8-8340-4A91-91CB-6C7BC01EEBC5}"
EndProject
Project("{FAE04EC0-301F-11D3-BF4B-00C04F79EFBC}") = "Mapping", "Mapping\Mapping.csproj", "{FE1CA232-1565-4F4C-889E-A4EE34EC083E}"
EndProject
Project("{2150E333-8FDC-42A3-9474-1A3956D46DE8}") = "Services", "Services", "{38EDC08B-CDFA-4200-A83E-3723AFA51BFA}"
EndProject
Project("{FAE04EC0-301F-11D3-BF4B-00C04F79EFBC}") = "IServices", "IServices\IServices.csproj", "{258CBD23-86E4-4B55-A780-958BFD38FBB4}"
EndProject
Project("{FAE04EC0-301F-11D3-BF4B-00C04F79EFBC}") = "Services", "Services\Services.csproj", "{4BCE8615-445B-43B6-9A9B-5194E27EC744}"
EndProject
Project("{FAE04EC0-301F-11D3-BF4B-00C04F79EFBC}") = "Library", "Library\Library.csproj", "{1A2679D6-3259-4EEB-BB68-4184A65AD68A}"
EndProject
Global
	GlobalSection(SolutionConfigurationPlatforms) = preSolution
		Debug|Any CPU = Debug|Any CPU
		Release|Any CPU = Release|Any CPU
	EndGlobalSection
	GlobalSection(ProjectConfigurationPlatforms) = postSolution
		{C74EE8FA-399C-450D-B271-DFAB874B56EA}.Debug|Any CPU.ActiveCfg = Debug|Any CPU
		{C74EE8FA-399C-450D-B271-DFAB874B56EA}.Debug|Any CPU.Build.0 = Debug|Any CPU
		{C74EE8FA-399C-450D-B271-DFAB874B56EA}.Release|Any CPU.ActiveCfg = Release|Any CPU
		{C74EE8FA-399C-450D-B271-DFAB874B56EA}.Release|Any CPU.Build.0 = Release|Any CPU
		{878C46A2-CBE3-476A-A47E-7EB9B3851252}.Debug|Any CPU.ActiveCfg = Debug|Any CPU
		{878C46A2-CBE3-476A-A47E-7EB9B3851252}.Debug|Any CPU.Build.0 = Debug|Any CPU
		{878C46A2-CBE3-476A-A47E-7EB9B3851252}.Release|Any CPU.ActiveCfg = Release|Any CPU
		{878C46A2-CBE3-476A-A47E-7EB9B3851252}.Release|Any CPU.Build.0 = Release|Any CPU
		{441D3587-C0D9-4EC3-8E7B-D20DFD0CE174}.Debug|Any CPU.ActiveCfg = Debug|Any CPU
		{441D3587-C0D9-4EC3-8E7B-D20DFD0CE174}.Debug|Any CPU.Build.0 = Debug|Any CPU
		{441D3587-C0D9-4EC3-8E7B-D20DFD0CE174}.Release|Any CPU.ActiveCfg = Release|Any CPU
		{441D3587-C0D9-4EC3-8E7B-D20DFD0CE174}.Release|Any CPU.Build.0 = Release|Any CPU
		{33AC45D0-F53E-44AB-92C4-A5A8E6CE0468}.Debug|Any CPU.ActiveCfg = Debug|Any CPU
		{33AC45D0-F53E-44AB-92C4-A5A8E6CE0468}.Debug|Any CPU.Build.0 = Debug|Any CPU
		{33AC45D0-F53E-44AB-92C4-A5A8E6CE0468}.Release|Any CPU.ActiveCfg = Release|Any CPU
		{33AC45D0-F53E-44AB-92C4-A5A8E6CE0468}.Release|Any CPU.Build.0 = Release|Any CPU
		{574EA4A0-02FD-42E4-AABB-55E414345E47}.Debug|Any CPU.ActiveCfg = Debug|Any CPU
		{574EA4A0-02FD-42E4-AABB-55E414345E47}.Debug|Any CPU.Build.0 = Debug|Any CPU
		{574EA4A0-02FD-42E4-AABB-55E414345E47}.Release|Any CPU.ActiveCfg = Release|Any CPU
		{574EA4A0-02FD-42E4-AABB-55E414345E47}.Release|Any CPU.Build.0 = Release|Any CPU
		{01ACE555-5A66-46CD-BD90-8398EE7DB355}.Debug|Any CPU.ActiveCfg = Debug|Any CPU
		{01ACE555-5A66-46CD-BD90-8398EE7DB355}.Debug|Any CPU.Build.0 = Debug|Any CPU
		{01ACE555-5A66-46CD-BD90-8398EE7DB355}.Release|Any CPU.ActiveCfg = Release|Any CPU
		{01ACE555-5A66-46CD-BD90-8398EE7DB355}.Release|Any CPU.Build.0 = Release|Any CPU
		{07F7BAF8-8340-4A91-91CB-6C7BC01EEBC5}.Debug|Any CPU.ActiveCfg = Debug|Any CPU
		{07F7BAF8-8340-4A91-91CB-6C7BC01EEBC5}.Debug|Any CPU.Build.0 = Debug|Any CPU
		{07F7BAF8-8340-4A91-91CB-6C7BC01EEBC5}.Release|Any CPU.ActiveCfg = Release|Any CPU
		{07F7BAF8-8340-4A91-91CB-6C7BC01EEBC5}.Release|Any CPU.Build.0 = Release|Any CPU
		{FE1CA232-1565-4F4C-889E-A4EE34EC083E}.Debug|Any CPU.ActiveCfg = Debug|Any CPU
		{FE1CA232-1565-4F4C-889E-A4EE34EC083E}.Debug|Any CPU.Build.0 = Debug|Any CPU
		{FE1CA232-1565-4F4C-889E-A4EE34EC083E}.Release|Any CPU.ActiveCfg = Release|Any CPU
		{FE1CA232-1565-4F4C-889E-A4EE34EC083E}.Release|Any CPU.Build.0 = Release|Any CPU
		{258CBD23-86E4-4B55-A780-958BFD38FBB4}.Debug|Any CPU.ActiveCfg = Debug|Any CPU
		{258CBD23-86E4-4B55-A780-958BFD38FBB4}.Debug|Any CPU.Build.0 = Debug|Any CPU
		{258CBD23-86E4-4B55-A780-958BFD38FBB4}.Release|Any CPU.ActiveCfg = Release|Any CPU
		{258CBD23-86E4-4B55-A780-958BFD38FBB4}.Release|Any CPU.Build.0 = Release|Any CPU
		{4BCE8615-445B-43B6-9A9B-5194E27EC744}.Debug|Any CPU.ActiveCfg = Debug|Any CPU
		{4BCE8615-445B-43B6-9A9B-5194E27EC744}.Debug|Any CPU.Build.0 = Debug|Any CPU
		{4BCE8615-445B-43B6-9A9B-5194E27EC744}.Release|Any CPU.ActiveCfg = Release|Any CPU
		{4BCE8615-445B-43B6-9A9B-5194E27EC744}.Release|Any CPU.Build.0 = Release|Any CPU
		{1A2679D6-3259-4EEB-BB68-4184A65AD68A}.Debug|Any CPU.ActiveCfg = Debug|Any CPU
		{1A2679D6-3259-4EEB-BB68-4184A65AD68A}.Debug|Any CPU.Build.0 = Debug|Any CPU
		{1A2679D6-3259-4EEB-BB68-4184A65AD68A}.Release|Any CPU.ActiveCfg = Release|Any CPU
		{1A2679D6-3259-4EEB-BB68-4184A65AD68A}.Release|Any CPU.Build.0 = Release|Any CPU
	EndGlobalSection
	GlobalSection(SolutionProperties) = preSolution
		HideSolutionNode = FALSE
	EndGlobalSection
	GlobalSection(NestedProjects) = preSolution
		{441D3587-C0D9-4EC3-8E7B-D20DFD0CE174} = {3E4D0732-7039-45E1-B8F0-B3843A66F422}
		{33AC45D0-F53E-44AB-92C4-A5A8E6CE0468} = {3E4D0732-7039-45E1-B8F0-B3843A66F422}
		{574EA4A0-02FD-42E4-AABB-55E414345E47} = {3E4D0732-7039-45E1-B8F0-B3843A66F422}
		{01ACE555-5A66-46CD-BD90-8398EE7DB355} = {355DAC4E-C549-4E46-B3EC-DA1342A23560}
		{07F7BAF8-8340-4A91-91CB-6C7BC01EEBC5} = {355DAC4E-C549-4E46-B3EC-DA1342A23560}
		{FE1CA232-1565-4F4C-889E-A4EE34EC083E} = {3E4D0732-7039-45E1-B8F0-B3843A66F422}
		{258CBD23-86E4-4B55-A780-958BFD38FBB4} = {38EDC08B-CDFA-4200-A83E-3723AFA51BFA}
		{4BCE8615-445B-43B6-9A9B-5194E27EC744} = {38EDC08B-CDFA-4200-A83E-3723AFA51BFA}
		{1A2679D6-3259-4EEB-BB68-4184A65AD68A} = {9BBBF24D-B101-4DA5-B160-6FF9B6C5B15E}
	EndGlobalSection
EndGlobal
